{
    "version": 3,
    "terraform_version": "0.11.7",
    "serial": 4,
    "lineage": "01c529e3-32ea-1129-498d-eb1219c960c7",
    "modules": [
        {
            "path": [
                "root"
            ],
            "outputs": {},
            "resources": {
                "aws_instance.web": {
                    "type": "aws_instance",
                    "depends_on": [
                        "aws_key_pair.papa_auth"
                    ],
                    "primary": {
                        "id": "i-049bb04e2e66b80f3",
                        "attributes": {
                            "ami": "ami-6871a115",
                            "associate_public_ip_address": "true",
                            "availability_zone": "us-east-1a",
                            "cpu_core_count": "1",
                            "cpu_threads_per_core": "1",
                            "credit_specification.#": "1",
                            "credit_specification.0.cpu_credits": "standard",
                            "disable_api_termination": "false",
                            "ebs_block_device.#": "0",
                            "ebs_optimized": "false",
                            "ephemeral_block_device.#": "0",
                            "get_password_data": "false",
                            "iam_instance_profile": "",
                            "id": "i-049bb04e2e66b80f3",
                            "instance_state": "running",
                            "instance_type": "t2.micro",
                            "ipv6_addresses.#": "0",
                            "key_name": "kryptonite",
                            "monitoring": "false",
                            "network_interface.#": "0",
                            "network_interface_id": "eni-147e0c40",
                            "password_data": "",
                            "placement_group": "",
                            "primary_network_interface_id": "eni-147e0c40",
                            "private_dns": "ip-172-31-89-15.ec2.internal",
                            "private_ip": "172.31.89.15",
                            "public_dns": "ec2-54-161-177-14.compute-1.amazonaws.com",
                            "public_ip": "54.161.177.14",
                            "root_block_device.#": "1",
                            "root_block_device.0.delete_on_termination": "true",
                            "root_block_device.0.iops": "100",
                            "root_block_device.0.volume_id": "vol-0ba813eb1212a66ca",
                            "root_block_device.0.volume_size": "10",
                            "root_block_device.0.volume_type": "gp2",
                            "security_groups.#": "1",
                            "security_groups.3814588639": "default",
                            "source_dest_check": "true",
                            "subnet_id": "subnet-7cccce50",
                            "tags.%": "1",
                            "tags.name": "web terraform",
                            "tenancy": "default",
                            "volume_tags.%": "0",
                            "vpc_security_group_ids.#": "1",
                            "vpc_security_group_ids.868649489": "sg-0c84ab7f"
                        },
                        "meta": {
                            "e2bfb730-ecaa-11e6-8f88-34363bc7c4c0": {
                                "create": 600000000000,
                                "delete": 1200000000000,
                                "update": 600000000000
                            },
                            "schema_version": "1"
                        },
                        "tainted": false
                    },
                    "deposed": [],
                    "provider": "provider.aws"
                },
                "aws_key_pair.papa_auth": {
                    "type": "aws_key_pair",
                    "depends_on": [],
                    "primary": {
                        "id": "kryptonite",
                        "attributes": {
                            "id": "kryptonite",
                            "key_name": "kryptonite",
                            "public_key": "ssh-rsa AAAAB3NzaC1yc2EAAAADAQABAAABAQCdJmMdV3e5Z6e7DAK5Z6DLQIIWJqO7/FKKbIbsOrTpO90MfxKQXKuNSASZ4q9yEbwL4FXIV/Vsd/Lye3iZCxbI+xIS9ock/gDJk6TmT40qWcT81CM9m92BcROQ1q09d5IjJoJQhJhWjPtdBwxi6X21AkSHDQF4cWXyJ3AJe7vG0uoVHsQMsaYXgqoMobksxnra7b4O5qNrXqpbfYlXDrFH4oBsmOml5B9JV7HKkYiQiDgikdEbyzbPx8qzOLewnXva2ra1LE5BPqYA9vVTw2uCrDj4Olo4Fvr6Fl2GxuQ8hDhLSUOUt4aRj14rrqS3JzBKuZyavMXp1jdL1dyVOF5p papa@ldap.papaand1.com"
                        },
                        "meta": {
                            "schema_version": "1"
                        },
                        "tainted": false
                    },
                    "deposed": [],
                    "provider": "provider.aws"
                }
            },
            "depends_on": []
        }
    ]
}
