{
    "version": 3,
    "terraform_version": "0.11.7",
    "serial": 4,
    "lineage": "964b4fe6-c27e-1532-5dc6-445bd92c4a90",
    "modules": [
        {
            "path": [
                "root"
            ],
            "outputs": {},
            "resources": {
                "aws_db_subnet_group.wp_rds_subnetgroup": {
                    "type": "aws_db_subnet_group",
                    "depends_on": [
                        "aws_subnet.wp_rds1_subnet",
                        "aws_subnet.wp_rds2_subnet",
                        "aws_subnet.wp_rds3_subnet"
                    ],
                    "primary": {
                        "id": "wp_rds_subnetgroup",
                        "attributes": {
                            "arn": "arn:aws:rds:us-east-1:008737904516:subgrp:wp_rds_subnetgroup",
                            "description": "Managed by Terraform",
                            "id": "wp_rds_subnetgroup",
                            "name": "wp_rds_subnetgroup",
                            "subnet_ids.#": "3",
                            "subnet_ids.3664719568": "subnet-c40bb098",
                            "subnet_ids.391118760": "subnet-cb0b4281",
                            "subnet_ids.928255277": "subnet-1339bc3d",
                            "tags.%": "1",
                            "tags.Name": "wp_rds_sng"
                        },
                        "meta": {},
                        "tainted": false
                    },
                    "deposed": [],
                    "provider": "provider.aws"
                },
                "aws_default_route_table.wp_private_rt": {
                    "type": "aws_default_route_table",
                    "depends_on": [
                        "aws_vpc.wp_vpc"
                    ],
                    "primary": {
                        "id": "rtb-9a4805e5",
                        "attributes": {
                            "default_route_table_id": "rtb-9a4805e5",
                            "id": "rtb-9a4805e5",
                            "propagating_vgws.#": "0",
                            "route.#": "0",
                            "tags.%": "1",
                            "tags.Name": "wp_private",
                            "vpc_id": "vpc-261fd45c"
                        },
                        "meta": {},
                        "tainted": false
                    },
                    "deposed": [],
                    "provider": "provider.aws"
                },
                "aws_internet_gateway.wp_internet_gateway": {
                    "type": "aws_internet_gateway",
                    "depends_on": [
                        "aws_vpc.wp_vpc"
                    ],
                    "primary": {
                        "id": "igw-0fead377",
                        "attributes": {
                            "id": "igw-0fead377",
                            "tags.%": "1",
                            "tags.Name": "wp_igw",
                            "vpc_id": "vpc-261fd45c"
                        },
                        "meta": {},
                        "tainted": false
                    },
                    "deposed": [],
                    "provider": "provider.aws"
                },
                "aws_route_table.wp_public_rt": {
                    "type": "aws_route_table",
                    "depends_on": [
                        "aws_internet_gateway.wp_internet_gateway",
                        "aws_vpc.wp_vpc"
                    ],
                    "primary": {
                        "id": "rtb-7b430e04",
                        "attributes": {
                            "id": "rtb-7b430e04",
                            "propagating_vgws.#": "0",
                            "route.#": "1",
                            "route.2466688696.cidr_block": "0.0.0.0/0",
                            "route.2466688696.egress_only_gateway_id": "",
                            "route.2466688696.gateway_id": "igw-0fead377",
                            "route.2466688696.instance_id": "",
                            "route.2466688696.ipv6_cidr_block": "",
                            "route.2466688696.nat_gateway_id": "",
                            "route.2466688696.network_interface_id": "",
                            "route.2466688696.vpc_peering_connection_id": "",
                            "tags.%": "1",
                            "tags.Name": "wp_public",
                            "vpc_id": "vpc-261fd45c"
                        },
                        "meta": {},
                        "tainted": false
                    },
                    "deposed": [],
                    "provider": "provider.aws"
                },
                "aws_route_table_association.wp_private1_assoc": {
                    "type": "aws_route_table_association",
                    "depends_on": [
                        "aws_default_route_table.wp_private_rt",
                        "aws_subnet.wp_private1_subnet"
                    ],
                    "primary": {
                        "id": "rtbassoc-8b69d2f5",
                        "attributes": {
                            "id": "rtbassoc-8b69d2f5",
                            "route_table_id": "rtb-9a4805e5",
                            "subnet_id": "subnet-423ebb6c"
                        },
                        "meta": {},
                        "tainted": false
                    },
                    "deposed": [],
                    "provider": "provider.aws"
                },
                "aws_route_table_association.wp_private2_assoc": {
                    "type": "aws_route_table_association",
                    "depends_on": [
                        "aws_default_route_table.wp_private_rt",
                        "aws_subnet.wp_private2_subnet"
                    ],
                    "primary": {
                        "id": "rtbassoc-f375ce8d",
                        "attributes": {
                            "id": "rtbassoc-f375ce8d",
                            "route_table_id": "rtb-9a4805e5",
                            "subnet_id": "subnet-15054c5f"
                        },
                        "meta": {},
                        "tainted": false
                    },
                    "deposed": [],
                    "provider": "provider.aws"
                },
                "aws_route_table_association.wp_public1_assoc": {
                    "type": "aws_route_table_association",
                    "depends_on": [
                        "aws_route_table.wp_public_rt",
                        "aws_subnet.wp_public1_subnet"
                    ],
                    "primary": {
                        "id": "rtbassoc-437fc43d",
                        "attributes": {
                            "id": "rtbassoc-437fc43d",
                            "route_table_id": "rtb-7b430e04",
                            "subnet_id": "subnet-af37b281"
                        },
                        "meta": {},
                        "tainted": false
                    },
                    "deposed": [],
                    "provider": "provider.aws"
                },
                "aws_route_table_association.wp_public2_assoc": {
                    "type": "aws_route_table_association",
                    "depends_on": [
                        "aws_route_table.wp_public_rt",
                        "aws_subnet.wp_public2_subnet"
                    ],
                    "primary": {
                        "id": "rtbassoc-d3863dad",
                        "attributes": {
                            "id": "rtbassoc-d3863dad",
                            "route_table_id": "rtb-7b430e04",
                            "subnet_id": "subnet-ce0e4784"
                        },
                        "meta": {},
                        "tainted": false
                    },
                    "deposed": [],
                    "provider": "provider.aws"
                },
                "aws_security_group.wp_dev_sg": {
                    "type": "aws_security_group",
                    "depends_on": [
                        "aws_vpc.wp_vpc"
                    ],
                    "primary": {
                        "id": "sg-4c6b7406",
                        "attributes": {
                            "arn": "arn:aws:ec2:us-east-1:008737904516:security-group/sg-4c6b7406",
                            "description": "used to access teh dev from my IP",
                            "egress.#": "1",
                            "egress.482069346.cidr_blocks.#": "1",
                            "egress.482069346.cidr_blocks.0": "0.0.0.0/0",
                            "egress.482069346.description": "",
                            "egress.482069346.from_port": "0",
                            "egress.482069346.ipv6_cidr_blocks.#": "0",
                            "egress.482069346.prefix_list_ids.#": "0",
                            "egress.482069346.protocol": "-1",
                            "egress.482069346.security_groups.#": "0",
                            "egress.482069346.self": "false",
                            "egress.482069346.to_port": "0",
                            "id": "sg-4c6b7406",
                            "ingress.#": "3",
                            "ingress.2214680975.cidr_blocks.#": "1",
                            "ingress.2214680975.cidr_blocks.0": "0.0.0.0/0",
                            "ingress.2214680975.description": "",
                            "ingress.2214680975.from_port": "80",
                            "ingress.2214680975.ipv6_cidr_blocks.#": "0",
                            "ingress.2214680975.protocol": "tcp",
                            "ingress.2214680975.security_groups.#": "0",
                            "ingress.2214680975.self": "false",
                            "ingress.2214680975.to_port": "80",
                            "ingress.4128850100.cidr_blocks.#": "1",
                            "ingress.4128850100.cidr_blocks.0": "10.0.1.0/32",
                            "ingress.4128850100.description": "",
                            "ingress.4128850100.from_port": "22",
                            "ingress.4128850100.ipv6_cidr_blocks.#": "0",
                            "ingress.4128850100.protocol": "tcp",
                            "ingress.4128850100.security_groups.#": "0",
                            "ingress.4128850100.self": "false",
                            "ingress.4128850100.to_port": "22",
                            "ingress.611858839.cidr_blocks.#": "1",
                            "ingress.611858839.cidr_blocks.0": "54.172.228.137/32",
                            "ingress.611858839.description": "",
                            "ingress.611858839.from_port": "22",
                            "ingress.611858839.ipv6_cidr_blocks.#": "0",
                            "ingress.611858839.protocol": "tcp",
                            "ingress.611858839.security_groups.#": "0",
                            "ingress.611858839.self": "false",
                            "ingress.611858839.to_port": "22",
                            "name": "wp_dev_sg",
                            "owner_id": "008737904516",
                            "revoke_rules_on_delete": "false",
                            "tags.%": "1",
                            "tags.Name": "wp_dev_sg",
                            "vpc_id": "vpc-261fd45c"
                        },
                        "meta": {
                            "e2bfb730-ecaa-11e6-8f88-34363bc7c4c0": {
                                "create": 600000000000,
                                "delete": 600000000000
                            },
                            "schema_version": "1"
                        },
                        "tainted": false
                    },
                    "deposed": [],
                    "provider": "provider.aws"
                },
                "aws_security_group.wp_private_sg": {
                    "type": "aws_security_group",
                    "depends_on": [
                        "aws_vpc.wp_vpc"
                    ],
                    "primary": {
                        "id": "sg-14716e5e",
                        "attributes": {
                            "arn": "arn:aws:ec2:us-east-1:008737904516:security-group/sg-14716e5e",
                            "description": "used for private instances",
                            "egress.#": "1",
                            "egress.482069346.cidr_blocks.#": "1",
                            "egress.482069346.cidr_blocks.0": "0.0.0.0/0",
                            "egress.482069346.description": "",
                            "egress.482069346.from_port": "0",
                            "egress.482069346.ipv6_cidr_blocks.#": "0",
                            "egress.482069346.prefix_list_ids.#": "0",
                            "egress.482069346.protocol": "-1",
                            "egress.482069346.security_groups.#": "0",
                            "egress.482069346.self": "false",
                            "egress.482069346.to_port": "0",
                            "id": "sg-14716e5e",
                            "ingress.#": "1",
                            "ingress.1671886063.cidr_blocks.#": "1",
                            "ingress.1671886063.cidr_blocks.0": "10.1.0.0/16",
                            "ingress.1671886063.description": "",
                            "ingress.1671886063.from_port": "0",
                            "ingress.1671886063.ipv6_cidr_blocks.#": "0",
                            "ingress.1671886063.protocol": "-1",
                            "ingress.1671886063.security_groups.#": "0",
                            "ingress.1671886063.self": "false",
                            "ingress.1671886063.to_port": "0",
                            "name": "wp_private_sg",
                            "owner_id": "008737904516",
                            "revoke_rules_on_delete": "false",
                            "tags.%": "1",
                            "tags.Name": "wp_private_sg",
                            "vpc_id": "vpc-261fd45c"
                        },
                        "meta": {
                            "e2bfb730-ecaa-11e6-8f88-34363bc7c4c0": {
                                "create": 600000000000,
                                "delete": 600000000000
                            },
                            "schema_version": "1"
                        },
                        "tainted": false
                    },
                    "deposed": [],
                    "provider": "provider.aws"
                },
                "aws_security_group.wp_public_sg": {
                    "type": "aws_security_group",
                    "depends_on": [
                        "aws_vpc.wp_vpc"
                    ],
                    "primary": {
                        "id": "sg-776f703d",
                        "attributes": {
                            "arn": "arn:aws:ec2:us-east-1:008737904516:security-group/sg-776f703d",
                            "description": "used for the ELB for public access",
                            "egress.#": "1",
                            "egress.482069346.cidr_blocks.#": "1",
                            "egress.482069346.cidr_blocks.0": "0.0.0.0/0",
                            "egress.482069346.description": "",
                            "egress.482069346.from_port": "0",
                            "egress.482069346.ipv6_cidr_blocks.#": "0",
                            "egress.482069346.prefix_list_ids.#": "0",
                            "egress.482069346.protocol": "-1",
                            "egress.482069346.security_groups.#": "0",
                            "egress.482069346.self": "false",
                            "egress.482069346.to_port": "0",
                            "id": "sg-776f703d",
                            "ingress.#": "1",
                            "ingress.2214680975.cidr_blocks.#": "1",
                            "ingress.2214680975.cidr_blocks.0": "0.0.0.0/0",
                            "ingress.2214680975.description": "",
                            "ingress.2214680975.from_port": "80",
                            "ingress.2214680975.ipv6_cidr_blocks.#": "0",
                            "ingress.2214680975.protocol": "tcp",
                            "ingress.2214680975.security_groups.#": "0",
                            "ingress.2214680975.self": "false",
                            "ingress.2214680975.to_port": "80",
                            "name": "wp_public_sg",
                            "owner_id": "008737904516",
                            "revoke_rules_on_delete": "false",
                            "tags.%": "1",
                            "tags.Name": "wp_public_sg",
                            "vpc_id": "vpc-261fd45c"
                        },
                        "meta": {
                            "e2bfb730-ecaa-11e6-8f88-34363bc7c4c0": {
                                "create": 600000000000,
                                "delete": 600000000000
                            },
                            "schema_version": "1"
                        },
                        "tainted": false
                    },
                    "deposed": [],
                    "provider": "provider.aws"
                },
                "aws_security_group.wp_rds_sg": {
                    "type": "aws_security_group",
                    "depends_on": [
                        "aws_security_group.wp_dev_sg",
                        "aws_security_group.wp_private_sg",
                        "aws_security_group.wp_public_sg",
                        "aws_vpc.wp_vpc"
                    ],
                    "primary": {
                        "id": "sg-646c732e",
                        "attributes": {
                            "arn": "arn:aws:ec2:us-east-1:008737904516:security-group/sg-646c732e",
                            "description": "used for RDS  instances",
                            "egress.#": "0",
                            "id": "sg-646c732e",
                            "ingress.#": "1",
                            "ingress.3935557622.cidr_blocks.#": "0",
                            "ingress.3935557622.description": "",
                            "ingress.3935557622.from_port": "3306",
                            "ingress.3935557622.ipv6_cidr_blocks.#": "0",
                            "ingress.3935557622.protocol": "tcp",
                            "ingress.3935557622.security_groups.#": "3",
                            "ingress.3935557622.security_groups.2561153727": "sg-4c6b7406",
                            "ingress.3935557622.security_groups.2642198015": "sg-776f703d",
                            "ingress.3935557622.security_groups.3624039093": "sg-14716e5e",
                            "ingress.3935557622.self": "false",
                            "ingress.3935557622.to_port": "3306",
                            "name": "wp_rds_sg",
                            "owner_id": "008737904516",
                            "revoke_rules_on_delete": "false",
                            "tags.%": "1",
                            "tags.Name": "wp_rds_sg",
                            "vpc_id": "vpc-261fd45c"
                        },
                        "meta": {
                            "e2bfb730-ecaa-11e6-8f88-34363bc7c4c0": {
                                "create": 600000000000,
                                "delete": 600000000000
                            },
                            "schema_version": "1"
                        },
                        "tainted": false
                    },
                    "deposed": [],
                    "provider": "provider.aws"
                },
                "aws_subnet.wp_private1_subnet": {
                    "type": "aws_subnet",
                    "depends_on": [
                        "aws_vpc.wp_vpc",
                        "data.aws_availability_zones.available"
                    ],
                    "primary": {
                        "id": "subnet-423ebb6c",
                        "attributes": {
                            "assign_ipv6_address_on_creation": "false",
                            "availability_zone": "us-east-1a",
                            "cidr_block": "10.1.3.0/24",
                            "id": "subnet-423ebb6c",
                            "map_public_ip_on_launch": "false",
                            "tags.%": "1",
                            "tags.Name": "wp_private1",
                            "vpc_id": "vpc-261fd45c"
                        },
                        "meta": {
                            "schema_version": "1"
                        },
                        "tainted": false
                    },
                    "deposed": [],
                    "provider": "provider.aws"
                },
                "aws_subnet.wp_private2_subnet": {
                    "type": "aws_subnet",
                    "depends_on": [
                        "aws_vpc.wp_vpc",
                        "data.aws_availability_zones.available"
                    ],
                    "primary": {
                        "id": "subnet-15054c5f",
                        "attributes": {
                            "assign_ipv6_address_on_creation": "false",
                            "availability_zone": "us-east-1b",
                            "cidr_block": "10.1.4.0/24",
                            "id": "subnet-15054c5f",
                            "map_public_ip_on_launch": "false",
                            "tags.%": "1",
                            "tags.Name": "wp_private2",
                            "vpc_id": "vpc-261fd45c"
                        },
                        "meta": {
                            "schema_version": "1"
                        },
                        "tainted": false
                    },
                    "deposed": [],
                    "provider": "provider.aws"
                },
                "aws_subnet.wp_public1_subnet": {
                    "type": "aws_subnet",
                    "depends_on": [
                        "aws_vpc.wp_vpc",
                        "data.aws_availability_zones.available"
                    ],
                    "primary": {
                        "id": "subnet-af37b281",
                        "attributes": {
                            "assign_ipv6_address_on_creation": "false",
                            "availability_zone": "us-east-1a",
                            "cidr_block": "10.1.1.0/24",
                            "id": "subnet-af37b281",
                            "map_public_ip_on_launch": "true",
                            "tags.%": "1",
                            "tags.Name": "wp_public1",
                            "vpc_id": "vpc-261fd45c"
                        },
                        "meta": {
                            "schema_version": "1"
                        },
                        "tainted": false
                    },
                    "deposed": [],
                    "provider": "provider.aws"
                },
                "aws_subnet.wp_public2_subnet": {
                    "type": "aws_subnet",
                    "depends_on": [
                        "aws_vpc.wp_vpc",
                        "data.aws_availability_zones.available"
                    ],
                    "primary": {
                        "id": "subnet-ce0e4784",
                        "attributes": {
                            "assign_ipv6_address_on_creation": "false",
                            "availability_zone": "us-east-1b",
                            "cidr_block": "10.1.2.0/24",
                            "id": "subnet-ce0e4784",
                            "map_public_ip_on_launch": "true",
                            "tags.%": "1",
                            "tags.Name": "wp_public2",
                            "vpc_id": "vpc-261fd45c"
                        },
                        "meta": {
                            "schema_version": "1"
                        },
                        "tainted": false
                    },
                    "deposed": [],
                    "provider": "provider.aws"
                },
                "aws_subnet.wp_rds1_subnet": {
                    "type": "aws_subnet",
                    "depends_on": [
                        "aws_vpc.wp_vpc",
                        "data.aws_availability_zones.available"
                    ],
                    "primary": {
                        "id": "subnet-1339bc3d",
                        "attributes": {
                            "assign_ipv6_address_on_creation": "false",
                            "availability_zone": "us-east-1a",
                            "cidr_block": "10.1.5.0/24",
                            "id": "subnet-1339bc3d",
                            "map_public_ip_on_launch": "false",
                            "tags.%": "1",
                            "tags.Name": "wp_rds1",
                            "vpc_id": "vpc-261fd45c"
                        },
                        "meta": {
                            "schema_version": "1"
                        },
                        "tainted": false
                    },
                    "deposed": [],
                    "provider": "provider.aws"
                },
                "aws_subnet.wp_rds2_subnet": {
                    "type": "aws_subnet",
                    "depends_on": [
                        "aws_vpc.wp_vpc",
                        "data.aws_availability_zones.available"
                    ],
                    "primary": {
                        "id": "subnet-cb0b4281",
                        "attributes": {
                            "assign_ipv6_address_on_creation": "false",
                            "availability_zone": "us-east-1b",
                            "cidr_block": "10.1.6.0/24",
                            "id": "subnet-cb0b4281",
                            "map_public_ip_on_launch": "false",
                            "tags.%": "1",
                            "tags.Name": "wp_rds2",
                            "vpc_id": "vpc-261fd45c"
                        },
                        "meta": {
                            "schema_version": "1"
                        },
                        "tainted": false
                    },
                    "deposed": [],
                    "provider": "provider.aws"
                },
                "aws_subnet.wp_rds3_subnet": {
                    "type": "aws_subnet",
                    "depends_on": [
                        "aws_vpc.wp_vpc",
                        "data.aws_availability_zones.available"
                    ],
                    "primary": {
                        "id": "subnet-c40bb098",
                        "attributes": {
                            "assign_ipv6_address_on_creation": "false",
                            "availability_zone": "us-east-1c",
                            "cidr_block": "10.1.7.0/24",
                            "id": "subnet-c40bb098",
                            "map_public_ip_on_launch": "false",
                            "tags.%": "1",
                            "tags.Name": "wp_rds3",
                            "vpc_id": "vpc-261fd45c"
                        },
                        "meta": {
                            "schema_version": "1"
                        },
                        "tainted": false
                    },
                    "deposed": [],
                    "provider": "provider.aws"
                },
                "aws_vpc.wp_vpc": {
                    "type": "aws_vpc",
                    "depends_on": [],
                    "primary": {
                        "id": "vpc-261fd45c",
                        "attributes": {
                            "arn": "arn:aws:ec2:us-east-1:008737904516:vpc/vpc-261fd45c",
                            "assign_generated_ipv6_cidr_block": "false",
                            "cidr_block": "10.1.0.0/16",
                            "default_network_acl_id": "acl-466c5e3c",
                            "default_route_table_id": "rtb-9a4805e5",
                            "default_security_group_id": "sg-c96f7083",
                            "dhcp_options_id": "dopt-118a5968",
                            "enable_classiclink": "false",
                            "enable_classiclink_dns_support": "false",
                            "enable_dns_hostnames": "true",
                            "enable_dns_support": "true",
                            "id": "vpc-261fd45c",
                            "instance_tenancy": "default",
                            "main_route_table_id": "rtb-9a4805e5",
                            "tags.%": "1",
                            "tags.Name": "wp_vpc"
                        },
                        "meta": {
                            "schema_version": "1"
                        },
                        "tainted": false
                    },
                    "deposed": [],
                    "provider": "provider.aws"
                },
                "data.aws_availability_zones.available": {
                    "type": "aws_availability_zones",
                    "depends_on": [],
                    "primary": {
                        "id": "2018-08-03 06:43:31.060042825 +0000 UTC",
                        "attributes": {
                            "id": "2018-08-03 06:43:31.060042825 +0000 UTC",
                            "names.#": "6",
                            "names.0": "us-east-1a",
                            "names.1": "us-east-1b",
                            "names.2": "us-east-1c",
                            "names.3": "us-east-1d",
                            "names.4": "us-east-1e",
                            "names.5": "us-east-1f"
                        },
                        "meta": {},
                        "tainted": false
                    },
                    "deposed": [],
                    "provider": "provider.aws"
                }
            },
            "depends_on": []
        }
    ]
}
